github.com/adrg/xdg v0.5.3 h1:xRnxJXne7+oWDatRhR1JLnvuccuIeCoBu2rtuLqQB78=
github.com/adrg/xdg v0.5.3/go.mod h1:nlTsY+NNiCBGCK2tpm09vRqfVzrc2fLmXGpBLF0zlTQ=
github.com/ajroetker/go-highway v0.0.12 h1:OcGp/l/W7WQtH5ELLuNnKXCuR7ePpWGh2RWZI/INtck=
github.com/ajroetker/go-highway v0.0.12/go.mod h1:un7fcrwix7UOHJrr18Lgh5eeF+1yaZiGWdTw3FbfDv4=
github.com/davecgh/go-spew v1.1.2-0.20180830191138-d8f796af33cc h1:U9qPSI2PIWSS1VwoXQT9A3Wy9MM3WgvqSxFWenqJduM=
github.com/davecgh/go-spew v1.1.2-0.20180830191138-d8f796af33cc/go.mod h1:J7Y8YcW2NihsgmVo/mv3lAwl/skON4iLHjSsI+c5H38=
github.com/go-gfx/gfx v0.34.1 h1:zXRptZlqRyfE0de/8h9N4Y4cSeySnQB9vWuK+LrwgOM=
github.com/go-gfx/gfx v0.34.1/go.mod h1:iGZt+HN5CEwr/nPqxxLIAvNBR9pAKhoZl9scGEwQn9M=
github.com/go-images/gif v0.2.0 h1:8Xl4Nan+PvyqH4wPre7wJUH61T2eJKOKonFKOdMdpkU=
github.com/go-images/gif v0.2.0/go.mod h1:rjpP1X62GLs6pmdMxuvwBjpV4LYE4Ue6rPbeqANWHrQ=
github.com/go-images/images v0.1.0 h1:KbbxTUpCbddpf6UsMFQetm75xsRXREyUjX0CIvd8YvE=
github.com/go-images/images v0.1.0/go.mod h1:+8V6BRjITiKEZyyvZZm//bQ8Pdr5rgHgLEElkVOMm40=
github.com/go-images/jpeg v0.3.0 h1:i6CGNbN2YNEz8stBI0hXjN6UwVGwQ9zCh8LvFeD8fHg=
github.com/go-images/jpeg v0.3.0/go.mod h1:3eUjtNscxUULLUH88DvMN8OKTq2C0/0AjubOjAHoHHk=
github.com/go-images/jpeg2000 v0.13.2 h1:wthA3iZkyqWXzNXxd6EjjsrsQ7GOYX7vYZbaI4vU6+I=
github.com/go-images/jpeg2000 v0.13.2/go.mod h1:Qqxz1gBrUwFDBOGkA4RGyTsX7wifr0wvaTQ7k8FK0wY=
github.com/go-images/png v0.2.0 h1:RFPkHPuRYRvrDJol/Mmn9P1DSaLV8VPmEQ8BkZoCpL0=
github.com/go-images/png v0.2.0/go.mod h1:g1qayDmWLClHo9R5KQ+RrcUNTBcaA4c1thaIfEoS3vg=
github.com/pmezard/go-difflib v1.0.1-0.20181226105442-5d4384ee4fb2 h1:Jamvg5psRIccs7FGNTlIRMkT8wgtp5eCXdBlqhYGL6U=
github.com/pmezard/go-difflib v1.0.1-0.20181226105442-5d4384ee4fb2/go.mod h1:iKH77koFhYxTK1pcRnkKkqfTogsbg7gZNVY4sRDYZ/4=
github.com/sergeymakinen/go-bmp v1.0.0 h1:SdGTzp9WvCV0A1V0mBeaS7kQAwNLdVJbmHlqNWq0R+M=
github.com/sergeymakinen/go-bmp v1.0.0/go.mod h1:/mxlAQZRLxSvJFNIEGGLBE/m40f3ZnUifpgVDlcUIEY=
github.com/sergeymakinen/go-ico v1.0.0 h1:uL3khgvKkY6WfAetA+RqsguClBuu7HpvBB/nq/Jvr80=
github.com/sergeymakinen/go-ico v1.0.0/go.mod h1:wQ47mTczswBO5F0NoDt7O0IXgnV4Xy3ojrroMQzyhUk=
github.com/stretchr/testify v1.11.1 h1:7s2iGBzp5EwR7/aIZr8ao5+dra3wiQyKjjFuvgVKu7U=
github.com/stretchr/testify v1.11.1/go.mod h1:wZwfW3scLgRK+23gO65QZefKpKQRnfz6sD981Nm4B6U=
github.com/tannevaled/gobig2 v0.2.0 h1:yx97/ltljALrIWDFVqHjPUIjAp3bfUUhH8Z8UROvNLc=
github.com/tannevaled/gobig2 v0.2.0/go.mod h1:X0S1H+N35kg6zYgVYRqGMsGj3C35zs+iA2r1MXyPcV4=
golang.org/x/image v0.47.0 h1:za/8gVz++PPZqmZJBNSISICN5Rrj5zixP/8K++fgmqo=
golang.org/x/image v0.47.0/go.mod h1:IkN5o4A7vq55vXN8FWjjnhg9Rs2GOtffqsSi9mWAKYE=
golang.org/x/sys v0.49.0 h1:XbzkgYJHdqh/8m2Uu0W/dQv8nktxx4BFHp1M0gROTXA=
golang.org/x/sys v0.49.0/go.mod h1:hNLxWAXmnKAxqDtdwIYC4bM9oQPEecfsnNMuSxOs3og=
gopkg.in/yaml.v3 v3.0.1 h1:fxVm/GzAzEWqLHuvctI91KS9hhNmmWOoWu0XTYJS7CA=
gopkg.in/yaml.v3 v3.0.1/go.mod h1:K4uyk7z7BCEPqu6E+C64Yfv1cQ7kz7rIZviUmN+EgEM=
