github.com/adrg/xdg v0.5.3 h1:xRnxJXne7+oWDatRhR1JLnvuccuIeCoBu2rtuLqQB78=
github.com/adrg/xdg v0.5.3/go.mod h1:nlTsY+NNiCBGCK2tpm09vRqfVzrc2fLmXGpBLF0zlTQ=
github.com/ajroetker/go-highway v0.0.4 h1:RDQo+9OhTXI6BFctLo+5gYpHNbb92VYJ0ObnR4l6xAQ=
github.com/ajroetker/go-highway v0.0.4/go.mod h1:C/zYPNSSpOaraejY89FUTZTyQNEhi5+rEbU0LjlqJeU=
github.com/ajroetker/go-jpeg2000 v0.0.2 h1:ni8brffZrci4Kacx3nM5d92ipmTDfak84KgHYi6IxFw=
github.com/ajroetker/go-jpeg2000 v0.0.2/go.mod h1:7ld88W47lZy0x8gRQesRGAonDPOpr6ev8rckjCAfbzE=
github.com/davecgh/go-spew v1.1.2-0.20180830191138-d8f796af33cc h1:U9qPSI2PIWSS1VwoXQT9A3Wy9MM3WgvqSxFWenqJduM=
github.com/davecgh/go-spew v1.1.2-0.20180830191138-d8f796af33cc/go.mod h1:J7Y8YcW2NihsgmVo/mv3lAwl/skON4iLHjSsI+c5H38=
github.com/go-gfx/gfx v0.19.0 h1:nA2Eg8Aq2kytR5Hrm/eQ6618w4vT0+Ao8BMZiuYh84c=
github.com/go-gfx/gfx v0.19.0/go.mod h1:VAK6hgCgkhT3j3ek2K7G8zDfkCPD3RCF45UbcRlCV8Q=
github.com/go-images/images v0.0.0-20260831115433-23d959d868e3 h1:SinmtXWpA4a30ZQ5A9QI9YrsYvytmLGeTRVbXqqEezw=
github.com/go-images/images v0.0.0-20260831115433-23d959d868e3/go.mod h1:Epqq+oFyfwKIS4zmrr12eZVtCuwXhoxV6E+OBEnNsFs=
github.com/pmezard/go-difflib v1.0.1-0.20181226105442-5d4384ee4fb2 h1:Jamvg5psRIccs7FGNTlIRMkT8wgtp5eCXdBlqhYGL6U=
github.com/pmezard/go-difflib v1.0.1-0.20181226105442-5d4384ee4fb2/go.mod h1:iKH77koFhYxTK1pcRnkKkqfTogsbg7gZNVY4sRDYZ/4=
github.com/sergeymakinen/go-bmp v1.0.0 h1:SdGTzp9WvCV0A1V0mBeaS7kQAwNLdVJbmHlqNWq0R+M=
github.com/sergeymakinen/go-bmp v1.0.0/go.mod h1:/mxlAQZRLxSvJFNIEGGLBE/m40f3ZnUifpgVDlcUIEY=
github.com/sergeymakinen/go-ico v1.0.0 h1:uL3khgvKkY6WfAetA+RqsguClBuu7HpvBB/nq/Jvr80=
github.com/sergeymakinen/go-ico v1.0.0/go.mod h1:wQ47mTczswBO5F0NoDt7O0IXgnV4Xy3ojrroMQzyhUk=
github.com/stretchr/testify v1.11.1 h1:7s2iGBzp5EwR7/aIZr8ao5+dra3wiQyKjjFuvgVKu7U=
github.com/stretchr/testify v1.11.1/go.mod h1:wZwfW3scLgRK+23gO65QZefKpKQRnfz6sD981Nm4B6U=
github.com/tannevaled/gobig2 v0.1.0 h1:9PdMvmnmYQURlUF40zt8t35Wnrz3KhZrwfxgCMvQc04=
github.com/tannevaled/gobig2 v0.1.0/go.mod h1:X0S1H+N35kg6zYgVYRqGMsGj3C35zs+iA2r1MXyPcV4=
golang.org/x/image v0.46.0 h1:b1+oYj0Jbp6K5MDT4i4/eZpYlk3V8SJhhDKh6LBHAyQ=
golang.org/x/image v0.46.0/go.mod h1:3B3W05VGVQyuXucLINLjXKrqISASfi4Xj+iCVkLMwew=
golang.org/x/sys v0.48.0 h1:bbX/i/6MgT9BVLM9RT1thmxL04yeTAhbEz4SyadbXoo=
golang.org/x/sys v0.48.0/go.mod h1:hNLxWAXmnKAxqDtdwIYC4bM9oQPEecfsnNMuSxOs3og=
gopkg.in/yaml.v3 v3.0.1 h1:fxVm/GzAzEWqLHuvctI91KS9hhNmmWOoWu0XTYJS7CA=
gopkg.in/yaml.v3 v3.0.1/go.mod h1:K4uyk7z7BCEPqu6E+C64Yfv1cQ7kz7rIZviUmN+EgEM=
